{
  "name": "curso-angular-loiane",
  "lockfileVersion": 3,
  "requires": true,
  "packages": {
    "": {
      "dependencies": {
        "bootstrap": "^5.3.2",
        "ng2-bootstrap": "^1.6.3"
      }
    },
    "node_modules/bootstrap": {
      "version": "5.3.2",
      "resolved": "https://registry.npmjs.org/bootstrap/-/bootstrap-5.3.2.tgz",
      "integrity": "sha512-D32nmNWiQHo94BKHLmOrdjlL05q1c8oxbtBphQFb9Z5to6eGRDCm0QgeaZ4zFBHzfg2++rqa2JkqCcxDy0sH0g==",
      "funding": [
        {
          "type": "github",
          "url": "https://github.com/sponsors/twbs"
        },
        {
          "type": "opencollective",
          "url": "https://opencollective.com/bootstrap"
        }
      ],
      "peerDependencies": {
        "@popperjs/core": "^2.11.8"
      }
    },
    "node_modules/moment": {
      "version": "2.18.1",
      "resolved": "https://registry.npmjs.org/moment/-/moment-2.18.1.tgz",
      "integrity": "sha512-QGcnVKRSEhbWy2i0pqFhjWMCczL/YU5ICMB3maUavFcyUqBszRnzsswvOaGOqSfWZ/R+dMnb9gGBuRT4LMTdVQ==",
      "engines": {
        "node": "*"
      }
    },
    "node_modules/ng2-bootstrap": {
      "version": "1.6.3",
      "resolved": "https://registry.npmjs.org/ng2-bootstrap/-/ng2-bootstrap-1.6.3.tgz",
      "integrity": "sha512-6tuyUJxYd4uwqGwxD5mNwdMsX2gMXSxDWQQUYBhhIwtoHTRbZ+EO2E5oqrDDHGuKVDjgjV5dlcMaI1b9ZavjaQ==",
      "deprecated": "ng2-bootstrap is renamed to ngx-bootstrap, please do npm i ngx-bootstrap -S",
      "dependencies": {
        "moment": "2.18.1"
      },
      "peerDependencies": {
        "@angular/common": "^2.3.1 || >=4.0.0",
        "@angular/compiler": "^2.3.1 || >=4.0.0",
        "@angular/core": "^2.3.1 || >=4.0.0",
        "@angular/forms": "^2.3.1 || >=4.0.0"
      }
    }
  }
}
